// !$*UTF8*$!
{
	archiveVersion = 1;
	classes = {
	};
	objectVersion = 46;
	objects = {

/* Begin PBXBuildFile section */
		6E6593031545695C0040FA31 /* Foundation.framework in Frameworks */ = {isa = PBXBuildFile; fileRef = 6E6593021545695C0040FA31 /* Foundation.framework */; };
		6E6593061545695C0040FA31 /* main.m in Sources */ = {isa = PBXBuildFile; fileRef = 6E6593051545695C0040FA31 /* main.m */; };
		6E65930A1545695C0040FA31 /* ObjStrings.1 in CopyFiles */ = {isa = PBXBuildFile; fileRef = 6E6593091545695C0040FA31 /* ObjStrings.1 */; };
		6E659312154569780040FA31 /* ObjString.m in Sources */ = {isa = PBXBuildFile; fileRef = 6E659311154569780040FA31 /* ObjString.m */; };
/* End PBXBuildFile section */

/* Begin PBXCopyFilesBuildPhase section */
		6E6592FC1545695C0040FA31 /* CopyFiles */ = {
			isa = PBXCopyFilesBuildPhase;
			buildActionMask = 2147483647;
			dstPath = /usr/share/man/man1/;
			dstSubfolderSpec = 0;
			files = (
				6E65930A1545695C0040FA31 /* ObjStrings.1 in CopyFiles */,
			);
			runOnlyForDeploymentPostprocessing = 1;
		};
/* End PBXCopyFilesBuildPhase section */

/* Begin PBXFileReference section */
		6E6592FE1545695C0040FA31 /* ObjStrings */ = {isa = PBXFileReference; explicitFileType = "compiled.mach-o.executable"; includeInIndex = 0; path = ObjStrings; sourceTree = BUILT_PRODUCTS_DIR; };
		6E6593021545695C0040FA31 /* Foundation.framework */ = {isa = PBXFileReference; lastKnownFileType = wrapper.framework; name = Foundation.framework; path = System/Library/Frameworks/Foundation.framework; sourceTree = SDKROOT; };
		6E6593051545695C0040FA31 /* main.m */ = {isa = PBXFileReference; lastKnownFileType = sourcecode.c.objc; path = main.m; sourceTree = "<group>"; };
		6E6593081545695C0040FA31 /* ObjStrings-Prefix.pch */ = {isa = PBXFileReference; lastKnownFileType = sourcecode.c.h; path = "ObjStrings-Prefix.pch"; sourceTree = "<group>"; };
		6E6593091545695C0040FA31 /* ObjStrings.1 */ = {isa = PBXFileReference; lastKnownFileType = text.man; path = ObjStrings.1; sourceTree = "<group>"; };
		6E659310154569780040FA31 /* ObjString.h */ = {isa = PBXFileReference; fileEncoding = 4; lastKnownFileType = sourcecode.c.h; path = ObjString.h; sourceTree = "<group>"; };
		6E659311154569780040FA31 /* ObjString.m */ = {isa = PBXFileReference; fileEncoding = 4; lastKnownFileType = sourcecode.c.objc; path = ObjString.m; sourceTree = "<group>"; };
/* End PBXFileReference section */

/* Begin PBXFrameworksBuildPhase section */
		6E6592FB1545695C0040FA31 /* Frameworks */ = {
			isa = PBXFrameworksBuildPhase;
			buildActionMask = 2147483647;
			files = (
				6E6593031545695C0040FA31 /* Foundation.framework in Frameworks */,
			);
			runOnlyForDeploymentPostprocessing = 0;
		};
/* End PBXFrameworksBuildPhase section */

/* Begin PBXGroup section */
		6E6592F31545695C0040FA31 = {
			isa = PBXGroup;
			children = (
				6E6593041545695C0040FA31 /* ObjStrings */,
				6E6593011545695C0040FA31 /* Frameworks */,
				6E6592FF1545695C0040FA31 /* Products */,
			);
			sourceTree = "<group>";
		};
		6E6592FF1545695C0040FA31 /* Products */ = {
			isa = PBXGroup;
			children = (
				6E6592FE1545695C0040FA31 /* ObjStrings */,
			);
			name = Products;
			sourceTree = "<group>";
		};
		6E6593011545695C0040FA31 /* Frameworks */ = {
			isa = PBXGroup;
			children = (
				6E6593021545695C0040FA31 /* Foundation.framework */,
			);
			name = Frameworks;
			sourceTree = "<group>";
		};
		6E6593041545695C0040FA31 /* ObjStrings */ = {
			isa = PBXGroup;
			children = (
				6E6593051545695C0040FA31 /* main.m */,
				6E6593091545695C0040FA31 /* ObjStrings.1 */,
				6E6593071545695C0040FA31 /* Supporting Files */,
				6E659310154569780040FA31 /* ObjString.h */,
				6E659311154569780040FA31 /* ObjString.m */,
			);
			path = ObjStrings;
			sourceTree = "<group>";
		};
		6E6593071545695C0040FA31 /* Supporting Files */ = {
			isa = PBXGroup;
			children = (
				6E6593081545695C0040FA31 /* ObjStrings-Prefix.pch */,
			);
			name = "Supporting Files";
			sourceTree = "<group>";
		};
/* End PBXGroup section */

/* Begin PBXNativeTarget section */
		6E6592FD1545695C0040FA31 /* ObjStrings */ = {
			isa = PBXNativeTarget;
			buildConfigurationList = 6E65930D1545695C0040FA31 /* Build configuration list for PBXNativeTarget "ObjStrings" */;
			buildPhases = (
				6E6592FA1545695C0040FA31 /* Sources */,
				6E6592FB1545695C0040FA31 /* Frameworks */,
				6E6592FC1545695C0040FA31 /* CopyFiles */,
			);
			buildRules = (
			);
			dependencies = (
			);
			name = ObjStrings;
			productName = ObjStrings;
			productReference = 6E6592FE1545695C0040FA31 /* ObjStrings */;
			productType = "com.apple.product-type.tool";
		};
/* End PBXNativeTarget section */

/* Begin PBXProject section */
		6E6592F51545695C0040FA31 /* Project object */ = {
			isa = PBXProject;
			attributes = {
				LastUpgradeCheck = 0430;
			};
			buildConfigurationList = 6E6592F81545695C0040FA31 /* Build configuration list for PBXProject "ObjStrings" */;
			compatibilityVersion = "Xcode 3.2";
			developmentRegion = English;
			hasScannedForEncodings = 0;
			knownRegions = (
				en,
			);
			mainGroup = 6E6592F31545695C0040FA31;
			productRefGroup = 6E6592FF1545695C0040FA31 /* Products */;
			projectDirPath = "";
			projectRoot = "";
			targets = (
				6E6592FD1545695C0040FA31 /* ObjStrings */,
			);
		};
/* End PBXProject section */

/* Begin PBXSourcesBuildPhase section */
		6E6592FA1545695C0040FA31 /* Sources */ = {
			isa = PBXSourcesBuildPhase;
			buildActionMask = 2147483647;
			files = (
				6E6593061545695C0040FA31 /* main.m in Sources */,
				6E659312154569780040FA31 /* ObjString.m in Sources */,
			);
			runOnlyForDeploymentPostprocessing = 0;
		};
/* End PBXSourcesBuildPhase section */

/* Begin XCBuildConfiguration section */
		6E65930B1545695C0040FA31 /* Debug */ = {
			isa = XCBuildConfiguration;
			buildSettings = {
				ALWAYS_SEARCH_USER_PATHS = NO;
				ARCHS = "$(ARCHS_STANDARD_64_BIT)";
				COPY_PHASE_STRIP = NO;
				GCC_C_LANGUAGE_STANDARD = gnu99;
				GCC_DYNAMIC_NO_PIC = NO;
				GCC_ENABLE_OBJC_EXCEPTIONS = YES;
				GCC_OPTIMIZATION_LEVEL = 0;
				GCC_PREPROCESSOR_DEFINITIONS = (
					"DEBUG=1",
					"$(inherited)",
				);
				GCC_SYMBOLS_PRIVATE_EXTERN = NO;
				GCC_VERSION = com.apple.compilers.llvm.clang.1_0;
				GCC_WARN_64_TO_32_BIT_CONVERSION = YES;
				GCC_WARN_ABOUT_RETURN_TYPE = YES;
				GCC_WARN_UNINITIALIZED_AUTOS = YES;
				GCC_WARN_UNUSED_VARIABLE = YES;
				MACOSX_DEPLOYMENT_TARGET = 10.7;
				ONLY_ACTIVE_ARCH = YES;
				SDKROOT = macosx;
			};
			name = Debug;
		};
		6E65930C1545695C0040FA31 /* Release */ = {
			isa = XCBuildConfiguration;
			buildSettings = {
				ALWAYS_SEARCH_USER_PATHS = NO;
				ARCHS = "$(ARCHS_STANDARD_64_BIT)";
				COPY_PHASE_STRIP = YES;
				DEBUG_INFORMATION_FORMAT = "dwarf-with-dsym";
				GCC_C_LANGUAGE_STANDARD = gnu99;
				GCC_ENABLE_OBJC_EXCEPTIONS = YES;
				GCC_VERSION = com.apple.compilers.llvm.clang.1_0;
				GCC_WARN_64_TO_32_BIT_CONVERSION = YES;
				GCC_WARN_ABOUT_RETURN_TYPE = YES;
				GCC_WARN_UNINITIALIZED_AUTOS = YES;
				GCC_WARN_UNUSED_VARIABLE = YES;
				MACOSX_DEPLOYMENT_TARGET = 10.7;
				SDKROOT = macosx;
			};
			name = Release;
		};
		6E65930E1545695C0040FA31 /* Debug */ = {
			isa = XCBuildConfiguration;
			buildSettings = {
				GCC_PRECOMPILE_PREFIX_HEADER = YES;
				GCC_PREFIX_HEADER = "ObjStrings/ObjStrings-Prefix.pch";
				PRODUCT_NAME = "$(TARGET_NAME)";
			};
			name = Debug;
		};
		6E65930F1545695C0040FA31 /* Release */ = {
			isa = XCBuildConfiguration;
			buildSettings = {
				GCC_PRECOMPILE_PREFIX_HEADER = YES;
				GCC_PREFIX_HEADER = "ObjStrings/ObjStrings-Prefix.pch";
				PRODUCT_NAME = "$(TARGET_NAME)";
			};
			name = Release;
		};
/* End XCBuildConfiguration section */

/* Begin XCConfigurationList section */
		6E6592F81545695C0040FA31 /* Build configuration list for PBXProject "ObjStrings" */ = {
			isa = XCConfigurationList;
			buildConfigurations = (
				6E65930B1545695C0040FA31 /* Debug */,
				6E65930C1545695C0040FA31 /* Release */,
			);
			defaultConfigurationIsVisible = 0;
			defaultConfigurationName = Release;
		};
		6E65930D1545695C0040FA31 /* Build configuration list for PBXNativeTarget "ObjStrings" */ = {
			isa = XCConfigurationList;
			buildConfigurations = (
				6E65930E1545695C0040FA31 /* Debug */,
				6E65930F1545695C0040FA31 /* Release */,
			);
			defaultConfigurationIsVisible = 0;
		};
/* End XCConfigurationList section */
	};
	rootObject = 6E6592F51545695C0040FA31 /* Project object */;
}
